
Microsoft Visual Studio Solution File, Format Version 12.00
Project("{FAE04EC0-301F-11D3-BF4B-00C04F79EFBC}") = "SimpleStorage.Library", "SimpleStorage.Library\SimpleStorage.Library.csproj", "{93B73E15-0BED-4068-9D35-4BC482769AF7}"
EndProject
Project("{FAE04EC0-301F-11D3-BF4B-00C04F79EFBC}") = "SimpleStorage.Test", "SimpleStorage.Test\SimpleStorage.Test.csproj", "{D8379BF2-8E31-46CD-8A2D-E0B854B454EF}"
EndProject
Global
	GlobalSection(SolutionConfigurationPlatforms) = preSolution
		Debug|Any CPU = Debug|Any CPU
		Release|Any CPU = Release|Any CPU
	EndGlobalSection
	GlobalSection(ProjectConfigurationPlatforms) = postSolution
		{93B73E15-0BED-4068-9D35-4BC482769AF7}.Debug|Any CPU.ActiveCfg = Debug|Any CPU
		{93B73E15-0BED-4068-9D35-4BC482769AF7}.Debug|Any CPU.Build.0 = Debug|Any CPU
		{93B73E15-0BED-4068-9D35-4BC482769AF7}.Release|Any CPU.ActiveCfg = Release|Any CPU
		{93B73E15-0BED-4068-9D35-4BC482769AF7}.Release|Any CPU.Build.0 = Release|Any CPU
		{D8379BF2-8E31-46CD-8A2D-E0B854B454EF}.Debug|Any CPU.ActiveCfg = Debug|Any CPU
		{D8379BF2-8E31-46CD-8A2D-E0B854B454EF}.Debug|Any CPU.Build.0 = Debug|Any CPU
		{D8379BF2-8E31-46CD-8A2D-E0B854B454EF}.Release|Any CPU.ActiveCfg = Release|Any CPU
		{D8379BF2-8E31-46CD-8A2D-E0B854B454EF}.Release|Any CPU.Build.0 = Release|Any CPU
	EndGlobalSection
EndGlobal
